
Microsoft Visual Studio Solution File, Format Version 12.00
# Visual Studio 2013
VisualStudioVersion = 12.0.30501.0
MinimumVisualStudioVersion = 10.0.40219.1
Project("{2150E333-8FDC-42A3-9474-1A3956D46DE8}") = "RWX", "RWX", "{3193CE1A-5374-498B-8118-5C624C545484}"
EndProject
Project("{2150E333-8FDC-42A3-9474-1A3956D46DE8}") = "Math", "Math", "{9466BBA2-9E62-40CD-9B68-779F51918BF3}"
EndProject
Project("{2150E333-8FDC-42A3-9474-1A3956D46DE8}") = "ActionCommand", "ActionCommand", "{F00525F7-0441-4AAD-BEF4-6563F0F85CA1}"
EndProject
Project("{2150E333-8FDC-42A3-9474-1A3956D46DE8}") = "Test", "Test", "{A6258B2A-094D-4ECB-B3F8-1F48F9A4F1AF}"
EndProject
Project("{2150E333-8FDC-42A3-9474-1A3956D46DE8}") = "Test", "Test", "{07098575-BFA1-4D62-95C9-7F39E5E0FB9A}"
EndProject
Project("{2150E333-8FDC-42A3-9474-1A3956D46DE8}") = "Utility", "Utility", "{0E141C01-F49F-4F47-AA2B-D20CD5CE3F7A}"
EndProject
Project("{2150E333-8FDC-42A3-9474-1A3956D46DE8}") = "X", "X", "{18D054F0-6786-4B79-9BAC-ED00B362AB83}"
EndProject
Project("{F2A71F9B-5D33-465A-A702-920D77279786}") = "MrByte.X.Parser", "MrByte.X.Parser\MrByte.X.Parser.fsproj", "{9CA9EE9D-A7ED-4763-9067-83A01F7939E4}"
EndProject
Project("{FAE04EC0-301F-11D3-BF4B-00C04F79EFBC}") = "MrByte.Utility", "MrByte.Utility\MrByte.Utility.csproj", "{F6AB8244-41FA-4A22-8F33-5C5230F0CA39}"
EndProject
Project("{F2A71F9B-5D33-465A-A702-920D77279786}") = "MrByte.RWX.Parser.Test", "MrByte.RWX.Parser.Test\MrByte.RWX.Parser.Test.fsproj", "{F014985A-CA63-47DE-B6A9-CF33E10549B3}"
EndProject
Project("{F2A71F9B-5D33-465A-A702-920D77279786}") = "MrByte.RWX.Parser", "MrByte.RWX.Parser\MrByte.RWX.Parser.fsproj", "{12040BC0-C203-4770-B323-8972F123D4D4}"
EndProject
Project("{F2A71F9B-5D33-465A-A702-920D77279786}") = "MrByte.RWX", "MrByte.RWX\MrByte.RWX.fsproj", "{FD1665A7-A5CB-4F8C-BE94-6B14C7ECAD4C}"
EndProject
Project("{FAE04EC0-301F-11D3-BF4B-00C04F79EFBC}") = "MrByte.Math", "MrByte.Math\MrByte.Math.csproj", "{B78D3E27-94A6-4D51-9C82-75A3E68EA4BA}"
EndProject
Project("{FAE04EC0-301F-11D3-BF4B-00C04F79EFBC}") = "MrByte.RWX.Model", "MrByte.RWX.Model\MrByte.RWX.Model.csproj", "{D0DE7E74-B546-4BD1-A4AC-F4DC4EB959AD}"
EndProject
Project("{F2A71F9B-5D33-465A-A702-920D77279786}") = "MrByte.FSharp.TestHelper", "MrByte.FSharp.TestHelper\MrByte.FSharp.TestHelper.fsproj", "{B9C302E1-1EB9-4EA8-9DEF-0FA4BCC5316A}"
EndProject
Project("{F2A71F9B-5D33-465A-A702-920D77279786}") = "MrByte.FSharp.Helpers", "MrByte.FSharp.Helpers\MrByte.FSharp.Helpers.fsproj", "{B444A528-5062-44E0-9D0B-91F46364B30B}"
EndProject
Project("{F2A71F9B-5D33-465A-A702-920D77279786}") = "MrByte.ActionCommand.Translator", "MrByte.ActionCommandTranslator\MrByte.ActionCommand.Translator.fsproj", "{955A54FA-D1AE-4ABF-B9DA-8A56B21CFDA5}"
EndProject
Project("{F2A71F9B-5D33-465A-A702-920D77279786}") = "MrByte.ActionCommand.Parser.Test", "MrByte.ActionCommandParser.Test\MrByte.ActionCommand.Parser.Test.fsproj", "{C798C601-8032-4A4A-A09B-14CDE725105C}"
EndProject
Project("{F2A71F9B-5D33-465A-A702-920D77279786}") = "MrByte.ActionCommand.Parser", "MrByte.ActionCommandParser\MrByte.ActionCommand.Parser.fsproj", "{70A17761-EC50-42DF-AFFD-4C8F414B1B57}"
EndProject
Global
	GlobalSection(SolutionConfigurationPlatforms) = preSolution
		Debug|Any CPU = Debug|Any CPU
		Release|Any CPU = Release|Any CPU
	EndGlobalSection
	GlobalSection(ProjectConfigurationPlatforms) = postSolution
		{9CA9EE9D-A7ED-4763-9067-83A01F7939E4}.Debug|Any CPU.ActiveCfg = Debug|Any CPU
		{9CA9EE9D-A7ED-4763-9067-83A01F7939E4}.Debug|Any CPU.Build.0 = Debug|Any CPU
		{9CA9EE9D-A7ED-4763-9067-83A01F7939E4}.Release|Any CPU.ActiveCfg = Release|Any CPU
		{9CA9EE9D-A7ED-4763-9067-83A01F7939E4}.Release|Any CPU.Build.0 = Release|Any CPU
		{F6AB8244-41FA-4A22-8F33-5C5230F0CA39}.Debug|Any CPU.ActiveCfg = Debug|Any CPU
		{F6AB8244-41FA-4A22-8F33-5C5230F0CA39}.Debug|Any CPU.Build.0 = Debug|Any CPU
		{F6AB8244-41FA-4A22-8F33-5C5230F0CA39}.Release|Any CPU.ActiveCfg = Release|Any CPU
		{F6AB8244-41FA-4A22-8F33-5C5230F0CA39}.Release|Any CPU.Build.0 = Release|Any CPU
		{F014985A-CA63-47DE-B6A9-CF33E10549B3}.Debug|Any CPU.ActiveCfg = Debug|Any CPU
		{F014985A-CA63-47DE-B6A9-CF33E10549B3}.Debug|Any CPU.Build.0 = Debug|Any CPU
		{F014985A-CA63-47DE-B6A9-CF33E10549B3}.Release|Any CPU.ActiveCfg = Release|Any CPU
		{F014985A-CA63-47DE-B6A9-CF33E10549B3}.Release|Any CPU.Build.0 = Release|Any CPU
		{12040BC0-C203-4770-B323-8972F123D4D4}.Debug|Any CPU.ActiveCfg = Debug|Any CPU
		{12040BC0-C203-4770-B323-8972F123D4D4}.Debug|Any CPU.Build.0 = Debug|Any CPU
		{12040BC0-C203-4770-B323-8972F123D4D4}.Release|Any CPU.ActiveCfg = Release|Any CPU
		{12040BC0-C203-4770-B323-8972F123D4D4}.Release|Any CPU.Build.0 = Release|Any CPU
		{FD1665A7-A5CB-4F8C-BE94-6B14C7ECAD4C}.Debug|Any CPU.ActiveCfg = Debug|Any CPU
		{FD1665A7-A5CB-4F8C-BE94-6B14C7ECAD4C}.Debug|Any CPU.Build.0 = Debug|Any CPU
		{FD1665A7-A5CB-4F8C-BE94-6B14C7ECAD4C}.Release|Any CPU.ActiveCfg = Release|Any CPU
		{FD1665A7-A5CB-4F8C-BE94-6B14C7ECAD4C}.Release|Any CPU.Build.0 = Release|Any CPU
		{B78D3E27-94A6-4D51-9C82-75A3E68EA4BA}.Debug|Any CPU.ActiveCfg = Debug|Any CPU
		{B78D3E27-94A6-4D51-9C82-75A3E68EA4BA}.Debug|Any CPU.Build.0 = Debug|Any CPU
		{B78D3E27-94A6-4D51-9C82-75A3E68EA4BA}.Release|Any CPU.ActiveCfg = Release|Any CPU
		{B78D3E27-94A6-4D51-9C82-75A3E68EA4BA}.Release|Any CPU.Build.0 = Release|Any CPU
		{D0DE7E74-B546-4BD1-A4AC-F4DC4EB959AD}.Debug|Any CPU.ActiveCfg = Debug|Any CPU
		{D0DE7E74-B546-4BD1-A4AC-F4DC4EB959AD}.Debug|Any CPU.Build.0 = Debug|Any CPU
		{D0DE7E74-B546-4BD1-A4AC-F4DC4EB959AD}.Release|Any CPU.ActiveCfg = Release|Any CPU
		{D0DE7E74-B546-4BD1-A4AC-F4DC4EB959AD}.Release|Any CPU.Build.0 = Release|Any CPU
		{B9C302E1-1EB9-4EA8-9DEF-0FA4BCC5316A}.Debug|Any CPU.ActiveCfg = Debug|Any CPU
		{B9C302E1-1EB9-4EA8-9DEF-0FA4BCC5316A}.Debug|Any CPU.Build.0 = Debug|Any CPU
		{B9C302E1-1EB9-4EA8-9DEF-0FA4BCC5316A}.Release|Any CPU.ActiveCfg = Release|Any CPU
		{B9C302E1-1EB9-4EA8-9DEF-0FA4BCC5316A}.Release|Any CPU.Build.0 = Release|Any CPU
		{B444A528-5062-44E0-9D0B-91F46364B30B}.Debug|Any CPU.ActiveCfg = Debug|Any CPU
		{B444A528-5062-44E0-9D0B-91F46364B30B}.Debug|Any CPU.Build.0 = Debug|Any CPU
		{B444A528-5062-44E0-9D0B-91F46364B30B}.Release|Any CPU.ActiveCfg = Release|Any CPU
		{B444A528-5062-44E0-9D0B-91F46364B30B}.Release|Any CPU.Build.0 = Release|Any CPU
		{955A54FA-D1AE-4ABF-B9DA-8A56B21CFDA5}.Debug|Any CPU.ActiveCfg = Debug|Any CPU
		{955A54FA-D1AE-4ABF-B9DA-8A56B21CFDA5}.Debug|Any CPU.Build.0 = Debug|Any CPU
		{955A54FA-D1AE-4ABF-B9DA-8A56B21CFDA5}.Release|Any CPU.ActiveCfg = Release|Any CPU
		{955A54FA-D1AE-4ABF-B9DA-8A56B21CFDA5}.Release|Any CPU.Build.0 = Release|Any CPU
		{C798C601-8032-4A4A-A09B-14CDE725105C}.Debug|Any CPU.ActiveCfg = Debug|Any CPU
		{C798C601-8032-4A4A-A09B-14CDE725105C}.Debug|Any CPU.Build.0 = Debug|Any CPU
		{C798C601-8032-4A4A-A09B-14CDE725105C}.Release|Any CPU.ActiveCfg = Release|Any CPU
		{C798C601-8032-4A4A-A09B-14CDE725105C}.Release|Any CPU.Build.0 = Release|Any CPU
		{70A17761-EC50-42DF-AFFD-4C8F414B1B57}.Debug|Any CPU.ActiveCfg = Debug|Any CPU
		{70A17761-EC50-42DF-AFFD-4C8F414B1B57}.Debug|Any CPU.Build.0 = Debug|Any CPU
		{70A17761-EC50-42DF-AFFD-4C8F414B1B57}.Release|Any CPU.ActiveCfg = Release|Any CPU
		{70A17761-EC50-42DF-AFFD-4C8F414B1B57}.Release|Any CPU.Build.0 = Release|Any CPU
	EndGlobalSection
	GlobalSection(SolutionProperties) = preSolution
		HideSolutionNode = FALSE
	EndGlobalSection
	GlobalSection(NestedProjects) = preSolution
		{A6258B2A-094D-4ECB-B3F8-1F48F9A4F1AF} = {F00525F7-0441-4AAD-BEF4-6563F0F85CA1}
		{07098575-BFA1-4D62-95C9-7F39E5E0FB9A} = {3193CE1A-5374-498B-8118-5C624C545484}
		{9CA9EE9D-A7ED-4763-9067-83A01F7939E4} = {18D054F0-6786-4B79-9BAC-ED00B362AB83}
		{F6AB8244-41FA-4A22-8F33-5C5230F0CA39} = {0E141C01-F49F-4F47-AA2B-D20CD5CE3F7A}
		{F014985A-CA63-47DE-B6A9-CF33E10549B3} = {07098575-BFA1-4D62-95C9-7F39E5E0FB9A}
		{12040BC0-C203-4770-B323-8972F123D4D4} = {3193CE1A-5374-498B-8118-5C624C545484}
		{FD1665A7-A5CB-4F8C-BE94-6B14C7ECAD4C} = {3193CE1A-5374-498B-8118-5C624C545484}
		{B78D3E27-94A6-4D51-9C82-75A3E68EA4BA} = {9466BBA2-9E62-40CD-9B68-779F51918BF3}
		{D0DE7E74-B546-4BD1-A4AC-F4DC4EB959AD} = {3193CE1A-5374-498B-8118-5C624C545484}
		{B9C302E1-1EB9-4EA8-9DEF-0FA4BCC5316A} = {0E141C01-F49F-4F47-AA2B-D20CD5CE3F7A}
		{B444A528-5062-44E0-9D0B-91F46364B30B} = {0E141C01-F49F-4F47-AA2B-D20CD5CE3F7A}
		{955A54FA-D1AE-4ABF-B9DA-8A56B21CFDA5} = {F00525F7-0441-4AAD-BEF4-6563F0F85CA1}
		{C798C601-8032-4A4A-A09B-14CDE725105C} = {A6258B2A-094D-4ECB-B3F8-1F48F9A4F1AF}
		{70A17761-EC50-42DF-AFFD-4C8F414B1B57} = {F00525F7-0441-4AAD-BEF4-6563F0F85CA1}
	EndGlobalSection
EndGlobal
